
Microsoft Visual Studio Solution File, Format Version 12.00
# Visual Studio 15
VisualStudioVersion = 15.0.28307.572
MinimumVisualStudioVersion = 10.0.40219.1
Project("{FAE04EC0-301F-11D3-BF4B-00C04F79EFBC}") = "MUTSportsPortalWebApplication", "MUTSportsPortalWebApplication\MUTSportsPortalWebApplication.csproj", "{98E91A12-FEAE-4696-B4B1-B23EBE0F85CA}"
EndProject
Project("{FAE04EC0-301F-11D3-BF4B-00C04F79EFBC}") = "MUTPortal.Models", "MUTPortal.Models\MUTPortal.Models.csproj", "{0768B085-818C-4ACE-BF58-0E107FB87989}"
EndProject
Project("{FAE04EC0-301F-11D3-BF4B-00C04F79EFBC}") = "MUTPortal.DAL", "MUTPortal.DAL\MUTPortal.DAL.csproj", "{D64FEF45-1DCF-48A3-9A9E-6E843FEA7DBC}"
EndProject
Global
	GlobalSection(SolutionConfigurationPlatforms) = preSolution
		Debug|Any CPU = Debug|Any CPU
		Release|Any CPU = Release|Any CPU
	EndGlobalSection
	GlobalSection(ProjectConfigurationPlatforms) = postSolution
		{98E91A12-FEAE-4696-B4B1-B23EBE0F85CA}.Debug|Any CPU.ActiveCfg = Debug|Any CPU
		{98E91A12-FEAE-4696-B4B1-B23EBE0F85CA}.Debug|Any CPU.Build.0 = Debug|Any CPU
		{98E91A12-FEAE-4696-B4B1-B23EBE0F85CA}.Release|Any CPU.ActiveCfg = Release|Any CPU
		{98E91A12-FEAE-4696-B4B1-B23EBE0F85CA}.Release|Any CPU.Build.0 = Release|Any CPU
		{0768B085-818C-4ACE-BF58-0E107FB87989}.Debug|Any CPU.ActiveCfg = Debug|Any CPU
		{0768B085-818C-4ACE-BF58-0E107FB87989}.Debug|Any CPU.Build.0 = Debug|Any CPU
		{0768B085-818C-4ACE-BF58-0E107FB87989}.Release|Any CPU.ActiveCfg = Release|Any CPU
		{0768B085-818C-4ACE-BF58-0E107FB87989}.Release|Any CPU.Build.0 = Release|Any CPU
		{D64FEF45-1DCF-48A3-9A9E-6E843FEA7DBC}.Debug|Any CPU.ActiveCfg = Debug|Any CPU
		{D64FEF45-1DCF-48A3-9A9E-6E843FEA7DBC}.Debug|Any CPU.Build.0 = Debug|Any CPU
		{D64FEF45-1DCF-48A3-9A9E-6E843FEA7DBC}.Release|Any CPU.ActiveCfg = Release|Any CPU
		{D64FEF45-1DCF-48A3-9A9E-6E843FEA7DBC}.Release|Any CPU.Build.0 = Release|Any CPU
	EndGlobalSection
	GlobalSection(SolutionProperties) = preSolution
		HideSolutionNode = FALSE
	EndGlobalSection
	GlobalSection(ExtensibilityGlobals) = postSolution
		SolutionGuid = {E17F081E-76F8-413D-9EA9-CCBF372BB804}
	EndGlobalSection
EndGlobal
